# This file was autogenerated by uv via the following command:
#    uv export --frozen --format requirements-txt --no-dev --no-emit-project --no-hashes --output-file requirements.lock
annotated-doc==0.0.5
    # via fastapi
annotated-types==0.8.0
    # via pydantic
anyio==4.15.1
    # via starlette
cffi==2.1.1
    # via
    #   cammon
    #   cryptography
click==8.5.0
    # via uvicorn
cryptography==50.0.2
    # via
    #   cammon
    #   pyspnego
    #   smbprotocol
fastapi==0.142.4
    # via cammon
h11==0.16.0
    # via uvicorn
idna==3.20
    # via anyio
opentelemetry-api==1.45.1
    # via fastapi
psycopg==3.3.6
    # via cammon
psycopg-binary==3.3.6 ; implementation_name != 'pypy'
    # via psycopg
pycparser==3.0 ; implementation_name != 'PyPy'
    # via cffi
pydantic==2.13.5
    # via
    #   fastapi
    #   pydantic-settings
pydantic-core==2.46.5
    # via pydantic
pydantic-settings==2.15.0
    # via cammon
pyspnego==0.12.4
    # via smbprotocol
python-dotenv==1.2.4
    # via pydantic-settings
smbprotocol==1.17.0
    # via cammon
sspilib==0.6.0 ; sys_platform == 'win32'
    # via pyspnego
starlette==1.7.0
    # via fastapi
typing-extensions==4.16.0
    # via
    #   anyio
    #   fastapi
    #   opentelemetry-api
    #   psycopg
    #   pydantic
    #   pydantic-core
    #   starlette
    #   typing-inspection
typing-inspection==0.4.4
    # via
    #   fastapi
    #   pydantic
    #   pydantic-settings
tzdata==2026.5 ; sys_platform == 'win32'
    # via psycopg
uvicorn==0.54.0
    # via cammon
