# This file was autogenerated by uv via the following command:
#    uv export --frozen --extra test --format requirements-txt --no-dev --no-emit-project --no-hashes --output-file requirements-test.lock
annotated-doc==0.0.5
    # via fastapi
annotated-types==0.8.0
    # via pydantic
anyio==4.15.1
    # via
    #   httpx
    #   starlette
blinker==1.9.0
    # via flask
certifi==2026.7.22
    # via
    #   httpcore
    #   httpx
cffi==2.1.1
    # via
    #   cammon
    #   cryptography
charset-normalizer==3.5.2
    # via impacket
click==8.5.0
    # via
    #   flask
    #   uvicorn
colorama==0.4.6 ; sys_platform == 'win32'
    # via pytest
cryptography==50.0.2
    # via
    #   cammon
    #   pyopenssl
    #   pyspnego
    #   smbprotocol
dnspython==2.8.0
    # via ldapdomaindump
fastapi==0.142.4
    # via cammon
flask==3.1.3
    # via impacket
h11==0.16.0
    # via
    #   httpcore
    #   uvicorn
httpcore==1.0.9
    # via httpx
httpx==0.28.1
    # via cammon
idna==3.20
    # via
    #   anyio
    #   httpx
impacket==0.13.1
    # via cammon
iniconfig==2.3.1
    # via pytest
itsdangerous==2.2.0
    # via flask
jinja2==3.1.6
    # via flask
ldap3==2.9.1
    # via
    #   impacket
    #   ldapdomaindump
ldapdomaindump==0.10.0
    # via impacket
markupsafe==3.0.4
    # via
    #   flask
    #   jinja2
    #   werkzeug
opentelemetry-api==1.45.1
    # via fastapi
packaging==26.3
    # via pytest
pluggy==1.6.0
    # via pytest
psycopg==3.3.6
    # via cammon
psycopg-binary==3.3.6 ; implementation_name != 'pypy'
    # via psycopg
pyasn1==0.6.4
    # via
    #   impacket
    #   ldap3
    #   pyasn1-modules
pyasn1-modules==0.4.2
    # via impacket
pycparser==3.0 ; implementation_name != 'PyPy'
    # via cffi
pycryptodomex==3.24.0
    # via impacket
pydantic==2.13.5
    # via
    #   fastapi
    #   pydantic-settings
pydantic-core==2.46.5
    # via pydantic
pydantic-settings==2.15.0
    # via cammon
pygments==2.21.0
    # via pytest
pyopenssl==26.4.0
    # via impacket
pyreadline3==3.5.6 ; sys_platform == 'win32'
    # via impacket
pyspnego==0.12.4
    # via smbprotocol
pytest==9.1.1
    # via cammon
python-dotenv==1.2.4
    # via pydantic-settings
ruff==0.16.10
    # via cammon
six==1.17.0
    # via impacket
smbprotocol==1.17.0
    # via cammon
sspilib==0.6.0 ; sys_platform == 'win32'
    # via pyspnego
starlette==1.7.0
    # via fastapi
typing-extensions==4.16.0
    # via
    #   anyio
    #   fastapi
    #   opentelemetry-api
    #   psycopg
    #   pydantic
    #   pydantic-core
    #   pyopenssl
    #   starlette
    #   typing-inspection
typing-inspection==0.4.4
    # via
    #   fastapi
    #   pydantic
    #   pydantic-settings
tzdata==2026.5 ; sys_platform == 'win32'
    # via psycopg
uvicorn==0.54.0
    # via cammon
werkzeug==3.1.9
    # via flask
